// !$*UTF8*$!
{
	archiveVersion = 1;
	classes = {
	};
	objectVersion = 55;
	objects = {

/* Begin PBXBuildFile section */
		65234B6E274F5E6600840B1C /* Alamofire in Frameworks */ = {isa = PBXBuildFile; productRef = 65234B6D274F5E6600840B1C /* Alamofire */; };
		65234B70274F5EB200840B1C /* NatureRemo.swift in Sources */ = {isa = PBXBuildFile; fileRef = 65234B6F274F5EB200840B1C /* NatureRemo.swift */; };
		65234B72274F5F2800840B1C /* Token.plist in Resources */ = {isa = PBXBuildFile; fileRef = 65234B71274F5F2800840B1C /* Token.plist */; };
		65B375AA27548EB60094C19D /* ResultsViewController.swift in Sources */ = {isa = PBXBuildFile; fileRef = 65B375A927548EB60094C19D /* ResultsViewController.swift */; };
		65B85A6A27194B41007E36BA /* AppDelegate.swift in Sources */ = {isa = PBXBuildFile; fileRef = 65B85A6927194B40007E36BA /* AppDelegate.swift */; };
		65B85A6C27194B41007E36BA /* SceneDelegate.swift in Sources */ = {isa = PBXBuildFile; fileRef = 65B85A6B27194B41007E36BA /* SceneDelegate.swift */; };
		65B85A6E27194B41007E36BA /* ViewController.swift in Sources */ = {isa = PBXBuildFile; fileRef = 65B85A6D27194B41007E36BA /* ViewController.swift */; };
		65B85A7127194B41007E36BA /* Main.storyboard in Resources */ = {isa = PBXBuildFile; fileRef = 65B85A6F27194B41007E36BA /* Main.storyboard */; };
		65B85A7327194B43007E36BA /* Assets.xcassets in Resources */ = {isa = PBXBuildFile; fileRef = 65B85A7227194B43007E36BA /* Assets.xcassets */; };
		65B85A7627194B43007E36BA /* LaunchScreen.storyboard in Resources */ = {isa = PBXBuildFile; fileRef = 65B85A7427194B43007E36BA /* LaunchScreen.storyboard */; };
		65E58BFD2759ECE2004C65ED /* MenuViewController.swift in Sources */ = {isa = PBXBuildFile; fileRef = 65E58BFC2759ECE2004C65ED /* MenuViewController.swift */; };
/* End PBXBuildFile section */

/* Begin PBXFileReference section */
		65234B6F274F5EB200840B1C /* NatureRemo.swift */ = {isa = PBXFileReference; lastKnownFileType = sourcecode.swift; path = NatureRemo.swift; sourceTree = "<group>"; };
		65234B71274F5F2800840B1C /* Token.plist */ = {isa = PBXFileReference; lastKnownFileType = text.plist.xml; path = Token.plist; sourceTree = "<group>"; };
		65B375A927548EB60094C19D /* ResultsViewController.swift */ = {isa = PBXFileReference; lastKnownFileType = sourcecode.swift; path = ResultsViewController.swift; sourceTree = "<group>"; };
		65B85A6627194B40007E36BA /* gazeRemote.app */ = {isa = PBXFileReference; explicitFileType = wrapper.application; includeInIndex = 0; path = gazeRemote.app; sourceTree = BUILT_PRODUCTS_DIR; };
		65B85A6927194B40007E36BA /* AppDelegate.swift */ = {isa = PBXFileReference; lastKnownFileType = sourcecode.swift; path = AppDelegate.swift; sourceTree = "<group>"; };
		65B85A6B27194B41007E36BA /* SceneDelegate.swift */ = {isa = PBXFileReference; lastKnownFileType = sourcecode.swift; path = SceneDelegate.swift; sourceTree = "<group>"; };
		65B85A6D27194B41007E36BA /* ViewController.swift */ = {isa = PBXFileReference; lastKnownFileType = sourcecode.swift; path = ViewController.swift; sourceTree = "<group>"; };
		65B85A7027194B41007E36BA /* Base */ = {isa = PBXFileReference; lastKnownFileType = file.storyboard; name = Base; path = Base.lproj/Main.storyboard; sourceTree = "<group>"; };
		65B85A7227194B43007E36BA /* Assets.xcassets */ = {isa = PBXFileReference; lastKnownFileType = folder.assetcatalog; path = Assets.xcassets; sourceTree = "<group>"; };
		65B85A7527194B43007E36BA /* Base */ = {isa = PBXFileReference; lastKnownFileType = file.storyboard; name = Base; path = Base.lproj/LaunchScreen.storyboard; sourceTree = "<group>"; };
		65B85A7727194B43007E36BA /* Info.plist */ = {isa = PBXFileReference; lastKnownFileType = text.plist.xml; path = Info.plist; sourceTree = "<group>"; };
		65B85A7D27194B4E007E36BA /* gazeRemote.entitlements */ = {isa = PBXFileReference; lastKnownFileType = text.plist.entitlements; path = gazeRemote.entitlements; sourceTree = "<group>"; };
		65E58BFC2759ECE2004C65ED /* MenuViewController.swift */ = {isa = PBXFileReference; lastKnownFileType = sourcecode.swift; path = MenuViewController.swift; sourceTree = "<group>"; };
/* End PBXFileReference section */

/* Begin PBXFrameworksBuildPhase section */
		65B85A6327194B40007E36BA /* Frameworks */ = {
			isa = PBXFrameworksBuildPhase;
			buildActionMask = 2147483647;
			files = (
				65234B6E274F5E6600840B1C /* Alamofire in Frameworks */,
			);
			runOnlyForDeploymentPostprocessing = 0;
		};
/* End PBXFrameworksBuildPhase section */

/* Begin PBXGroup section */
		65B85A5D27194B40007E36BA = {
			isa = PBXGroup;
			children = (
				65B85A6827194B40007E36BA /* gazeRemote */,
				65B85A6727194B40007E36BA /* Products */,
			);
			sourceTree = "<group>";
		};
		65B85A6727194B40007E36BA /* Products */ = {
			isa = PBXGroup;
			children = (
				65B85A6627194B40007E36BA /* gazeRemote.app */,
			);
			name = Products;
			sourceTree = "<group>";
		};
		65B85A6827194B40007E36BA /* gazeRemote */ = {
			isa = PBXGroup;
			children = (
				65B85A7D27194B4E007E36BA /* gazeRemote.entitlements */,
				65B85A6927194B40007E36BA /* AppDelegate.swift */,
				65B85A6B27194B41007E36BA /* SceneDelegate.swift */,
				65B85A6D27194B41007E36BA /* ViewController.swift */,
				65B85A6F27194B41007E36BA /* Main.storyboard */,
				65B85A7227194B43007E36BA /* Assets.xcassets */,
				65B85A7427194B43007E36BA /* LaunchScreen.storyboard */,
				65B85A7727194B43007E36BA /* Info.plist */,
				65234B6F274F5EB200840B1C /* NatureRemo.swift */,
				65234B71274F5F2800840B1C /* Token.plist */,
				65B375A927548EB60094C19D /* ResultsViewController.swift */,
				65E58BFC2759ECE2004C65ED /* MenuViewController.swift */,
			);
			path = gazeRemote;
			sourceTree = "<group>";
		};
/* End PBXGroup section */

/* Begin PBXNativeTarget section */
		65B85A6527194B40007E36BA /* gazeRemote */ = {
			isa = PBXNativeTarget;
			buildConfigurationList = 65B85A7A27194B43007E36BA /* Build configuration list for PBXNativeTarget "gazeRemote" */;
			buildPhases = (
				65B85A6227194B40007E36BA /* Sources */,
				65B85A6327194B40007E36BA /* Frameworks */,
				65B85A6427194B40007E36BA /* Resources */,
			);
			buildRules = (
			);
			dependencies = (
			);
			name = gazeRemote;
			packageProductDependencies = (
				65234B6D274F5E6600840B1C /* Alamofire */,
			);
			productName = gazeRemote;
			productReference = 65B85A6627194B40007E36BA /* gazeRemote.app */;
			productType = "com.apple.product-type.application";
		};
/* End PBXNativeTarget section */

/* Begin PBXProject section */
		65B85A5E27194B40007E36BA /* Project object */ = {
			isa = PBXProject;
			attributes = {
				BuildIndependentTargetsInParallel = 1;
				LastSwiftUpdateCheck = 1300;
				LastUpgradeCheck = 1300;
				TargetAttributes = {
					65B85A6527194B40007E36BA = {
						CreatedOnToolsVersion = 13.0;
					};
				};
			};
			buildConfigurationList = 65B85A6127194B40007E36BA /* Build configuration list for PBXProject "gazeRemote" */;
			compatibilityVersion = "Xcode 13.0";
			developmentRegion = en;
			hasScannedForEncodings = 0;
			knownRegions = (
				en,
				Base,
			);
			mainGroup = 65B85A5D27194B40007E36BA;
			packageReferences = (
				65234B6C274F5E6600840B1C /* XCRemoteSwiftPackageReference "Alamofire" */,
			);
			productRefGroup = 65B85A6727194B40007E36BA /* Products */;
			projectDirPath = "";
			projectRoot = "";
			targets = (
				65B85A6527194B40007E36BA /* gazeRemote */,
			);
		};
/* End PBXProject section */

/* Begin PBXResourcesBuildPhase section */
		65B85A6427194B40007E36BA /* Resources */ = {
			isa = PBXResourcesBuildPhase;
			buildActionMask = 2147483647;
			files = (
				65B85A7627194B43007E36BA /* LaunchScreen.storyboard in Resources */,
				65B85A7327194B43007E36BA /* Assets.xcassets in Resources */,
				65234B72274F5F2800840B1C /* Token.plist in Resources */,
				65B85A7127194B41007E36BA /* Main.storyboard in Resources */,
			);
			runOnlyForDeploymentPostprocessing = 0;
		};
/* End PBXResourcesBuildPhase section */

/* Begin PBXSourcesBuildPhase section */
		65B85A6227194B40007E36BA /* Sources */ = {
			isa = PBXSourcesBuildPhase;
			buildActionMask = 2147483647;
			files = (
				65B85A6E27194B41007E36BA /* ViewController.swift in Sources */,
				65E58BFD2759ECE2004C65ED /* MenuViewController.swift in Sources */,
				65234B70274F5EB200840B1C /* NatureRemo.swift in Sources */,
				65B85A6A27194B41007E36BA /* AppDelegate.swift in Sources */,
				65B375AA27548EB60094C19D /* ResultsViewController.swift in Sources */,
				65B85A6C27194B41007E36BA /* SceneDelegate.swift in Sources */,
			);
			runOnlyForDeploymentPostprocessing = 0;
		};
/* End PBXSourcesBuildPhase section */

/* Begin PBXVariantGroup section */
		65B85A6F27194B41007E36BA /* Main.storyboard */ = {
			isa = PBXVariantGroup;
			children = (
				65B85A7027194B41007E36BA /* Base */,
			);
			name = Main.storyboard;
			sourceTree = "<group>";
		};
		65B85A7427194B43007E36BA /* LaunchScreen.storyboard */ = {
			isa = PBXVariantGroup;
			children = (
				65B85A7527194B43007E36BA /* Base */,
			);
			name = LaunchScreen.storyboard;
			sourceTree = "<group>";
		};
/* End PBXVariantGroup section */

/* Begin XCBuildConfiguration section */
		65B85A7827194B43007E36BA /* Debug */ = {
			isa = XCBuildConfiguration;
			buildSettings = {
				ALWAYS_SEARCH_USER_PATHS = NO;
				CLANG_ANALYZER_NONNULL = YES;
				CLANG_ANALYZER_NUMBER_OBJECT_CONVERSION = YES_AGGRESSIVE;
				CLANG_CXX_LANGUAGE_STANDARD = "gnu++17";
				CLANG_CXX_LIBRARY = "libc++";
				CLANG_ENABLE_MODULES = YES;
				CLANG_ENABLE_OBJC_ARC = YES;
				CLANG_ENABLE_OBJC_WEAK = YES;
				CLANG_WARN_BLOCK_CAPTURE_AUTORELEASING = YES;
				CLANG_WARN_BOOL_CONVERSION = YES;
				CLANG_WARN_COMMA = YES;
				CLANG_WARN_CONSTANT_CONVERSION = YES;
				CLANG_WARN_DEPRECATED_OBJC_IMPLEMENTATIONS = YES;
				CLANG_WARN_DIRECT_OBJC_ISA_USAGE = YES_ERROR;
				CLANG_WARN_DOCUMENTATION_COMMENTS = YES;
				CLANG_WARN_EMPTY_BODY = YES;
				CLANG_WARN_ENUM_CONVERSION = YES;
				CLANG_WARN_INFINITE_RECURSION = YES;
				CLANG_WARN_INT_CONVERSION = YES;
				CLANG_WARN_NON_LITERAL_NULL_CONVERSION = YES;
				CLANG_WARN_OBJC_IMPLICIT_RETAIN_SELF = YES;
				CLANG_WARN_OBJC_LITERAL_CONVERSION = YES;
				CLANG_WARN_OBJC_ROOT_CLASS = YES_ERROR;
				CLANG_WARN_QUOTED_INCLUDE_IN_FRAMEWORK_HEADER = YES;
				CLANG_WARN_RANGE_LOOP_ANALYSIS = YES;
				CLANG_WARN_STRICT_PROTOTYPES = YES;
				CLANG_WARN_SUSPICIOUS_MOVE = YES;
				CLANG_WARN_UNGUARDED_AVAILABILITY = YES_AGGRESSIVE;
				CLANG_WARN_UNREACHABLE_CODE = YES;
				CLANG_WARN__DUPLICATE_METHOD_MATCH = YES;
				COPY_PHASE_STRIP = NO;
				DEBUG_INFORMATION_FORMAT = dwarf;
				ENABLE_STRICT_OBJC_MSGSEND = YES;
				ENABLE_TESTABILITY = YES;
				GCC_C_LANGUAGE_STANDARD = gnu11;
				GCC_DYNAMIC_NO_PIC = NO;
				GCC_NO_COMMON_BLOCKS = YES;
				GCC_OPTIMIZATION_LEVEL = 0;
				GCC_PREPROCESSOR_DEFINITIONS = (
					"DEBUG=1",
					"$(inherited)",
				);
				GCC_WARN_64_TO_32_BIT_CONVERSION = YES;
				GCC_WARN_ABOUT_RETURN_TYPE = YES_ERROR;
				GCC_WARN_UNDECLARED_SELECTOR = YES;
				GCC_WARN_UNINITIALIZED_AUTOS = YES_AGGRESSIVE;
				GCC_WARN_UNUSED_FUNCTION = YES;
				GCC_WARN_UNUSED_VARIABLE = YES;
				IPHONEOS_DEPLOYMENT_TARGET = 15.0;
				MTL_ENABLE_DEBUG_INFO = INCLUDE_SOURCE;
				MTL_FAST_MATH = YES;
				ONLY_ACTIVE_ARCH = YES;
				SDKROOT = iphoneos;
				SWIFT_ACTIVE_COMPILATION_CONDITIONS = DEBUG;
				SWIFT_OPTIMIZATION_LEVEL = "-Onone";
			};
			name = Debug;
		};
		65B85A7927194B43007E36BA /* Release */ = {
			isa = XCBuildConfiguration;
			buildSettings = {
				ALWAYS_SEARCH_USER_PATHS = NO;
				CLANG_ANALYZER_NONNULL = YES;
				CLANG_ANALYZER_NUMBER_OBJECT_CONVERSION = YES_AGGRESSIVE;
				CLANG_CXX_LANGUAGE_STANDARD = "gnu++17";
				CLANG_CXX_LIBRARY = "libc++";
				CLANG_ENABLE_MODULES = YES;
				CLANG_ENABLE_OBJC_ARC = YES;
				CLANG_ENABLE_OBJC_WEAK = YES;
				CLANG_WARN_BLOCK_CAPTURE_AUTORELEASING = YES;
				CLANG_WARN_BOOL_CONVERSION = YES;
				CLANG_WARN_COMMA = YES;
				CLANG_WARN_CONSTANT_CONVERSION = YES;
				CLANG_WARN_DEPRECATED_OBJC_IMPLEMENTATIONS = YES;
				CLANG_WARN_DIRECT_OBJC_ISA_USAGE = YES_ERROR;
				CLANG_WARN_DOCUMENTATION_COMMENTS = YES;
				CLANG_WARN_EMPTY_BODY = YES;
				CLANG_WARN_ENUM_CONVERSION = YES;
				CLANG_WARN_INFINITE_RECURSION = YES;
				CLANG_WARN_INT_CONVERSION = YES;
				CLANG_WARN_NON_LITERAL_NULL_CONVERSION = YES;
				CLANG_WARN_OBJC_IMPLICIT_RETAIN_SELF = YES;
				CLANG_WARN_OBJC_LITERAL_CONVERSION = YES;
				CLANG_WARN_OBJC_ROOT_CLASS = YES_ERROR;
				CLANG_WARN_QUOTED_INCLUDE_IN_FRAMEWORK_HEADER = YES;
				CLANG_WARN_RANGE_LOOP_ANALYSIS = YES;
				CLANG_WARN_STRICT_PROTOTYPES = YES;
				CLANG_WARN_SUSPICIOUS_MOVE = YES;
				CLANG_WARN_UNGUARDED_AVAILABILITY = YES_AGGRESSIVE;
				CLANG_WARN_UNREACHABLE_CODE = YES;
				CLANG_WARN__DUPLICATE_METHOD_MATCH = YES;
				COPY_PHASE_STRIP = NO;
				DEBUG_INFORMATION_FORMAT = "dwarf-with-dsym";
				ENABLE_NS_ASSERTIONS = NO;
				ENABLE_STRICT_OBJC_MSGSEND = YES;
				GCC_C_LANGUAGE_STANDARD = gnu11;
				GCC_NO_COMMON_BLOCKS = YES;
				GCC_WARN_64_TO_32_BIT_CONVERSION = YES;
				GCC_WARN_ABOUT_RETURN_TYPE = YES_ERROR;
				GCC_WARN_UNDECLARED_SELECTOR = YES;
				GCC_WARN_UNINITIALIZED_AUTOS = YES_AGGRESSIVE;
				GCC_WARN_UNUSED_FUNCTION = YES;
				GCC_WARN_UNUSED_VARIABLE = YES;
				IPHONEOS_DEPLOYMENT_TARGET = 15.0;
				MTL_ENABLE_DEBUG_INFO = NO;
				MTL_FAST_MATH = YES;
				SDKROOT = iphoneos;
				SWIFT_COMPILATION_MODE = wholemodule;
				SWIFT_OPTIMIZATION_LEVEL = "-O";
				VALIDATE_PRODUCT = YES;
			};
			name = Release;
		};
		65B85A7B27194B43007E36BA /* Debug */ = {
			isa = XCBuildConfiguration;
			buildSettings = {
				ASSETCATALOG_COMPILER_APPICON_NAME = AppIcon;
				ASSETCATALOG_COMPILER_GLOBAL_ACCENT_COLOR_NAME = AccentColor;
				CODE_SIGN_ENTITLEMENTS = gazeRemote/gazeRemote.entitlements;
				CODE_SIGN_STYLE = Automatic;
				CURRENT_PROJECT_VERSION = 1;
				DEVELOPMENT_TEAM = 2P44D5B93M;
				GENERATE_INFOPLIST_FILE = YES;
				INFOPLIST_FILE = gazeRemote/Info.plist;
				INFOPLIST_KEY_LSApplicationCategoryType = "public.app-category.utilities";
				INFOPLIST_KEY_NSCameraUsageDescription = "To detect face";
				INFOPLIST_KEY_UIApplicationSupportsIndirectInputEvents = YES;
				INFOPLIST_KEY_UILaunchStoryboardName = LaunchScreen;
				INFOPLIST_KEY_UIMainStoryboardFile = Main;
				INFOPLIST_KEY_UISupportedInterfaceOrientations_iPad = UIInterfaceOrientationLandscapeRight;
				INFOPLIST_KEY_UISupportedInterfaceOrientations_iPhone = "UIInterfaceOrientationPortrait UIInterfaceOrientationLandscapeLeft UIInterfaceOrientationLandscapeRight";
				LD_RUNPATH_SEARCH_PATHS = (
					"$(inherited)",
					"@executable_path/Frameworks",
				);
				MARKETING_VERSION = 1.0;
				PRODUCT_BUNDLE_IDENTIFIER = jp.tommy.gazeRemote;
				PRODUCT_NAME = "$(TARGET_NAME)";
				SUPPORTS_MACCATALYST = YES;
				SWIFT_EMIT_LOC_STRINGS = YES;
				SWIFT_VERSION = 5.0;
				TARGETED_DEVICE_FAMILY = 2;
			};
			name = Debug;
		};
		65B85A7C27194B43007E36BA /* Release */ = {
			isa = XCBuildConfiguration;
			buildSettings = {
				ASSETCATALOG_COMPILER_APPICON_NAME = AppIcon;
				ASSETCATALOG_COMPILER_GLOBAL_ACCENT_COLOR_NAME = AccentColor;
				CODE_SIGN_ENTITLEMENTS = gazeRemote/gazeRemote.entitlements;
				CODE_SIGN_STYLE = Automatic;
				CURRENT_PROJECT_VERSION = 1;
				DEVELOPMENT_TEAM = 2P44D5B93M;
				GENERATE_INFOPLIST_FILE = YES;
				INFOPLIST_FILE = gazeRemote/Info.plist;
				INFOPLIST_KEY_LSApplicationCategoryType = "public.app-category.utilities";
				INFOPLIST_KEY_NSCameraUsageDescription = "To detect face";
				INFOPLIST_KEY_UIApplicationSupportsIndirectInputEvents = YES;
				INFOPLIST_KEY_UILaunchStoryboardName = LaunchScreen;
				INFOPLIST_KEY_UIMainStoryboardFile = Main;
				INFOPLIST_KEY_UISupportedInterfaceOrientations_iPad = UIInterfaceOrientationLandscapeRight;
				INFOPLIST_KEY_UISupportedInterfaceOrientations_iPhone = "UIInterfaceOrientationPortrait UIInterfaceOrientationLandscapeLeft UIInterfaceOrientationLandscapeRight";
				LD_RUNPATH_SEARCH_PATHS = (
					"$(inherited)",
					"@executable_path/Frameworks",
				);
				MARKETING_VERSION = 1.0;
				PRODUCT_BUNDLE_IDENTIFIER = jp.tommy.gazeRemote;
				PRODUCT_NAME = "$(TARGET_NAME)";
				SUPPORTS_MACCATALYST = YES;
				SWIFT_EMIT_LOC_STRINGS = YES;
				SWIFT_VERSION = 5.0;
				TARGETED_DEVICE_FAMILY = 2;
			};
			name = Release;
		};
/* End XCBuildConfiguration section */

/* Begin XCConfigurationList section */
		65B85A6127194B40007E36BA /* Build configuration list for PBXProject "gazeRemote" */ = {
			isa = XCConfigurationList;
			buildConfigurations = (
				65B85A7827194B43007E36BA /* Debug */,
				65B85A7927194B43007E36BA /* Release */,
			);
			defaultConfigurationIsVisible = 0;
			defaultConfigurationName = Release;
		};
		65B85A7A27194B43007E36BA /* Build configuration list for PBXNativeTarget "gazeRemote" */ = {
			isa = XCConfigurationList;
			buildConfigurations = (
				65B85A7B27194B43007E36BA /* Debug */,
				65B85A7C27194B43007E36BA /* Release */,
			);
			defaultConfigurationIsVisible = 0;
			defaultConfigurationName = Release;
		};
/* End XCConfigurationList section */

/* Begin XCRemoteSwiftPackageReference section */
		65234B6C274F5E6600840B1C /* XCRemoteSwiftPackageReference "Alamofire" */ = {
			isa = XCRemoteSwiftPackageReference;
			repositoryURL = "https://github.com/Alamofire/Alamofire.git";
			requirement = {
				branch = master;
				kind = branch;
			};
		};
/* End XCRemoteSwiftPackageReference section */

/* Begin XCSwiftPackageProductDependency section */
		65234B6D274F5E6600840B1C /* Alamofire */ = {
			isa = XCSwiftPackageProductDependency;
			package = 65234B6C274F5E6600840B1C /* XCRemoteSwiftPackageReference "Alamofire" */;
			productName = Alamofire;
		};
/* End XCSwiftPackageProductDependency section */
	};
	rootObject = 65B85A5E27194B40007E36BA /* Project object */;
}
